
Microsoft Visual Studio Solution File, Format Version 12.00
# Visual Studio Version 18
VisualStudioVersion = 18.2.11415.280 d18.0
MinimumVisualStudioVersion = 10.0.40219.1
Project("{FAE04EC0-301F-11D3-BF4B-00C04F79EFBC}") = "MyPuppeteer", "MyPuppeteer.csproj", "{DB0CE47B-DEE4-5578-C407-997ED22A70A6}"
EndProject
Global
	GlobalSection(SolutionConfigurationPlatforms) = preSolution
		Debug|Any CPU = Debug|Any CPU
		Release|Any CPU = Release|Any CPU
	EndGlobalSection
	GlobalSection(ProjectConfigurationPlatforms) = postSolution
		{DB0CE47B-DEE4-5578-C407-997ED22A70A6}.Debug|Any CPU.ActiveCfg = Debug|Any CPU
		{DB0CE47B-DEE4-5578-C407-997ED22A70A6}.Debug|Any CPU.Build.0 = Debug|Any CPU
		{DB0CE47B-DEE4-5578-C407-997ED22A70A6}.Release|Any CPU.ActiveCfg = Release|Any CPU
		{DB0CE47B-DEE4-5578-C407-997ED22A70A6}.Release|Any CPU.Build.0 = Release|Any CPU
	EndGlobalSection
	GlobalSection(SolutionProperties) = preSolution
		HideSolutionNode = FALSE
	EndGlobalSection
	GlobalSection(ExtensibilityGlobals) = postSolution
		SolutionGuid = {4CBBBD76-CC0A-4A32-A33A-EAA3C1C356D3}
	EndGlobalSection
EndGlobal
